# Generated by pub
# See https://dart.dev/tools/pub/glossary#lockfile
packages:
  admin:
    dependency: "direct dev"
    description:
      name: admin
      url: "https://pub.dartlang.org"
    source: hosted
    version: "0.0.4"
  analog_clock:
    dependency: "direct dev"
    description:
      name: analog_clock
      url: "https://pub.dartlang.org"
    source: hosted
    version: "0.0.1"
  android_wifi_info:
    dependency: "direct dev"
    description:
      name: android_wifi_info
      url: "https://pub.dartlang.org"
    source: hosted
    version: "0.1.1"
  app_usage:
    dependency: "direct dev"
    description:
      name: app_usage
      url: "https://pub.dartlang.org"
    source: hosted
    version: "0.1.0"
  async:
    dependency: transitive
    description:
      name: async
      url: "https://pub.dartlang.org"
    source: hosted
    version: "2.3.0"
  battery:
    dependency: "direct dev"
    description:
      name: battery
      url: "https://pub.dartlang.org"
    source: hosted
    version: "0.3.0+5"
  bloc:
    dependency: transitive
    description:
      name: bloc
      url: "https://pub.dartlang.org"
    source: hosted
    version: "0.11.2"
  boolean_selector:
    dependency: transitive
    description:
      name: boolean_selector
      url: "https://pub.dartlang.org"
    source: hosted
    version: "1.0.5"
  charcode:
    dependency: transitive
    description:
      name: charcode
      url: "https://pub.dartlang.org"
    source: hosted
    version: "1.1.2"
  cloud_firestore:
    dependency: "direct dev"
    description:
      name: cloud_firestore
      url: "https://pub.dartlang.org"
    source: hosted
    version: "0.12.9"
  collection:
    dependency: transitive
    description:
      name: collection
      url: "https://pub.dartlang.org"
    source: hosted
    version: "1.14.11"
  connect_wifi:
    dependency: "direct dev"
    description:
      name: connect_wifi
      url: "https://pub.dartlang.org"
    source: hosted
    version: "0.0.2"
  connectivity:
    dependency: "direct dev"
    description:
      name: connectivity
      url: "https://pub.dartlang.org"
    source: hosted
    version: "0.4.3+7"
  cpu_usage:
    dependency: "direct dev"
    description:
      name: cpu_usage
      url: "https://pub.dartlang.org"
    source: hosted
    version: "0.0.2"
  cupertino_icons:
    dependency: "direct main"
    description:
      name: cupertino_icons
      url: "https://pub.dartlang.org"
    source: hosted
    version: "0.1.2"
  device_apps:
    dependency: "direct dev"
    description:
      name: device_apps
      url: "https://pub.dartlang.org"
    source: hosted
    version: "1.0.8"
  device_info:
    dependency: "direct dev"
    description:
      name: device_info
      url: "https://pub.dartlang.org"
    source: hosted
    version: "0.4.0+2"
  downloader:
    dependency: "direct dev"
    description:
      name: downloader
      url: "https://pub.dartlang.org"
    source: hosted
    version: "0.0.1"
  equatable:
    dependency: "direct dev"
    description:
      name: equatable
      url: "https://pub.dartlang.org"
    source: hosted
    version: "0.2.6"
  file_picker:
    dependency: "direct dev"
    description:
      name: file_picker
      url: "https://pub.dartlang.org"
    source: hosted
    version: "1.3.8"
  file_utils:
    dependency: transitive
    description:
      name: file_utils
      url: "https://pub.dartlang.org"
    source: hosted
    version: "0.1.3"
  firebase_core:
    dependency: "direct dev"
    description:
      name: firebase_core
      url: "https://pub.dartlang.org"
    source: hosted
    version: "0.4.0+8"
  flutter:
    dependency: "direct main"
    description: flutter
    source: sdk
    version: "0.0.0"
  flutter_bloc:
    dependency: "direct dev"
    description:
      name: flutter_bloc
      url: "https://pub.dartlang.org"
    source: hosted
    version: "0.9.1"
  flutter_install_app_plugin:
    dependency: "direct dev"
    description:
      name: flutter_install_app_plugin
      url: "https://pub.dartlang.org"
    source: hosted
    version: "0.2.0"
  flutter_local_notifications:
    dependency: "direct dev"
    description:
      name: flutter_local_notifications
      url: "https://pub.dartlang.org"
    source: hosted
    version: "0.8.2"
  flutter_test:
    dependency: "direct dev"
    description: flutter
    source: sdk
    version: "0.0.0"
  globbing:
    dependency: transitive
    description:
      name: globbing
      url: "https://pub.dartlang.org"
    source: hosted
    version: "0.3.0"
  imei_plugin:
    dependency: "direct dev"
    description:
      name: imei_plugin
      url: "https://pub.dartlang.org"
    source: hosted
    version: "1.1.0"
  launcher_assist:
    dependency: "direct dev"
    description:
      name: launcher_assist
      url: "https://pub.dartlang.org"
    source: hosted
    version: "1.1.3"
  logging:
    dependency: transitive
    description:
      name: logging
      url: "https://pub.dartlang.org"
    source: hosted
    version: "0.11.3+2"
  matcher:
    dependency: transitive
    description:
      name: matcher
      url: "https://pub.dartlang.org"
    source: hosted
    version: "0.12.5"
  meta:
    dependency: transitive
    description:
      name: meta
      url: "https://pub.dartlang.org"
    source: hosted
    version: "1.1.7"
  path:
    dependency: transitive
    description:
      name: path
      url: "https://pub.dartlang.org"
    source: hosted
    version: "1.6.4"
  path_provider:
    dependency: "direct dev"
    description:
      name: path_provider
      url: "https://pub.dartlang.org"
    source: hosted
    version: "1.3.0"
  pedantic:
    dependency: transitive
    description:
      name: pedantic
      url: "https://pub.dartlang.org"
    source: hosted
    version: "1.8.0+1"
  platform:
    dependency: transitive
    description:
      name: platform
      url: "https://pub.dartlang.org"
    source: hosted
    version: "2.2.1"
  policy_controller:
    dependency: "direct dev"
    description:
      name: policy_controller
      url: "https://pub.dartlang.org"
    source: hosted
    version: "0.0.2"
  quiver:
    dependency: transitive
    description:
      name: quiver
      url: "https://pub.dartlang.org"
    source: hosted
    version: "2.0.5"
  running_apps:
    dependency: "direct dev"
    description:
      name: running_apps
      url: "https://pub.dartlang.org"
    source: hosted
    version: "0.0.8"
  rxdart:
    dependency: transitive
    description:
      name: rxdart
      url: "https://pub.dartlang.org"
    source: hosted
    version: "0.21.0"
  screenshot:
    dependency: "direct dev"
    description:
      name: screenshot
      url: "https://pub.dartlang.org"
    source: hosted
    version: "0.1.1"
  sembast:
    dependency: "direct dev"
    description:
      name: sembast
      url: "https://pub.dartlang.org"
    source: hosted
    version: "2.0.1+2"
  settings_plugin:
    dependency: "direct dev"
    description:
      name: settings_plugin
      url: "https://pub.dartlang.org"
    source: hosted
    version: "0.0.1"
  sky_engine:
    dependency: transitive
    description: flutter
    source: sdk
    version: "0.0.99"
  source_span:
    dependency: transitive
    description:
      name: source_span
      url: "https://pub.dartlang.org"
    source: hosted
    version: "1.5.5"
  stack_trace:
    dependency: transitive
    description:
      name: stack_trace
      url: "https://pub.dartlang.org"
    source: hosted
    version: "1.9.3"
  stream_channel:
    dependency: transitive
    description:
      name: stream_channel
      url: "https://pub.dartlang.org"
    source: hosted
    version: "2.0.0"
  string_scanner:
    dependency: transitive
    description:
      name: string_scanner
      url: "https://pub.dartlang.org"
    source: hosted
    version: "1.0.5"
  synchronized:
    dependency: transitive
    description:
      name: synchronized
      url: "https://pub.dartlang.org"
    source: hosted
    version: "2.1.0+1"
  system_info:
    dependency: "direct dev"
    description:
      name: system_info
      url: "https://pub.dartlang.org"
    source: hosted
    version: "0.1.1"
  term_glyph:
    dependency: transitive
    description:
      name: term_glyph
      url: "https://pub.dartlang.org"
    source: hosted
    version: "1.1.0"
  test_api:
    dependency: transitive
    description:
      name: test_api
      url: "https://pub.dartlang.org"
    source: hosted
    version: "0.2.5"
  typed_data:
    dependency: transitive
    description:
      name: typed_data
      url: "https://pub.dartlang.org"
    source: hosted
    version: "1.1.6"
  uninstall_apps:
    dependency: "direct dev"
    description:
      name: uninstall_apps
      url: "https://pub.dartlang.org"
    source: hosted
    version: "0.0.4"
  url_launcher:
    dependency: "direct dev"
    description:
      name: url_launcher
      url: "https://pub.dartlang.org"
    source: hosted
    version: "5.1.2"
  vector_math:
    dependency: transitive
    description:
      name: vector_math
      url: "https://pub.dartlang.org"
    source: hosted
    version: "2.0.8"
  wifi:
    dependency: "direct dev"
    description:
      name: wifi
      url: "https://pub.dartlang.org"
    source: hosted
    version: "0.1.5"
sdks:
  dart: ">=2.3.0 <3.0.0"
  flutter: ">=1.5.0 <2.0.0"
